PODS:
  - Kingfisher (5.13.2):
    - Kingfisher/Core (= 5.13.2)
  - Kingfisher/Core (5.13.2)
  - SwiftLint (0.39.1)
  - SwiftMessages (7.0.1):
    - SwiftMessages/App (= 7.0.1)
  - SwiftMessages/App (7.0.1)

DEPENDENCIES:
  - Kingfisher
  - SwiftLint
  - SwiftMessages

SPEC REPOS:
  trunk:
    - Kingfisher
    - SwiftLint
    - SwiftMessages

SPEC CHECKSUMS:
  Kingfisher: d342c8354c10c3d85a27d6d4c42c41285924b898
  SwiftLint: 55e96a4a4d537d4a3156859fc1c54bd24851a046
  SwiftMessages: b577dc7043be8b299857ab35bb663dbff6483bd0

PODFILE CHECKSUM: 78f9a00b1a1559d0c86fae02b61190ef0575c7ea

COCOAPODS: 1.9.0
